
Microsoft Visual Studio Solution File, Format Version 12.00
# Visual Studio Version 16
VisualStudioVersion = 16.0.29519.87
MinimumVisualStudioVersion = 10.0.40219.1
Project("{FAE04EC0-301F-11D3-BF4B-00C04F79EFBC}") = "leave-management", "leave-management\leave-management.csproj", "{2FBE53BB-9B2A-4377-BA77-F996C2D884DA}"
EndProject
Global
	GlobalSection(SolutionConfigurationPlatforms) = preSolution
		Debug|Any CPU = Debug|Any CPU
		Release|Any CPU = Release|Any CPU
	EndGlobalSection
	GlobalSection(ProjectConfigurationPlatforms) = postSolution
		{2FBE53BB-9B2A-4377-BA77-F996C2D884DA}.Debug|Any CPU.ActiveCfg = Debug|Any CPU
		{2FBE53BB-9B2A-4377-BA77-F996C2D884DA}.Debug|Any CPU.Build.0 = Debug|Any CPU
		{2FBE53BB-9B2A-4377-BA77-F996C2D884DA}.Release|Any CPU.ActiveCfg = Release|Any CPU
		{2FBE53BB-9B2A-4377-BA77-F996C2D884DA}.Release|Any CPU.Build.0 = Release|Any CPU
	EndGlobalSection
	GlobalSection(SolutionProperties) = preSolution
		HideSolutionNode = FALSE
	EndGlobalSection
	GlobalSection(ExtensibilityGlobals) = postSolution
		SolutionGuid = {2D45AC21-E042-4E2D-A7B3-5CBCB88D7B37}
	EndGlobalSection
EndGlobal
